
Microsoft Visual Studio Solution File, Format Version 12.00
# Visual Studio 15
VisualStudioVersion = 15.0.27428.2015
MinimumVisualStudioVersion = 10.0.40219.1
Project("{FAE04EC0-301F-11D3-BF4B-00C04F79EFBC}") = "SampleDevops.Android", "SampleDevops\SampleDevops.Android\SampleDevops.Android.csproj", "{DBB8B352-0C41-43B7-A648-AA85B0A85777}"
EndProject
Project("{FAE04EC0-301F-11D3-BF4B-00C04F79EFBC}") = "SampleDevops", "SampleDevops\SampleDevops\SampleDevops.csproj", "{3F7FB049-F899-4DD8-BC34-335E6BF23BCD}"
EndProject
Global
	GlobalSection(SolutionConfigurationPlatforms) = preSolution
		Debug|Any CPU = Debug|Any CPU
		Release|Any CPU = Release|Any CPU
	EndGlobalSection
	GlobalSection(ProjectConfigurationPlatforms) = postSolution
		{DBB8B352-0C41-43B7-A648-AA85B0A85777}.Debug|Any CPU.ActiveCfg = Debug|Any CPU
		{DBB8B352-0C41-43B7-A648-AA85B0A85777}.Debug|Any CPU.Build.0 = Debug|Any CPU
		{DBB8B352-0C41-43B7-A648-AA85B0A85777}.Debug|Any CPU.Deploy.0 = Debug|Any CPU
		{DBB8B352-0C41-43B7-A648-AA85B0A85777}.Release|Any CPU.ActiveCfg = Release|Any CPU
		{DBB8B352-0C41-43B7-A648-AA85B0A85777}.Release|Any CPU.Build.0 = Release|Any CPU
		{DBB8B352-0C41-43B7-A648-AA85B0A85777}.Release|Any CPU.Deploy.0 = Release|Any CPU
		{3F7FB049-F899-4DD8-BC34-335E6BF23BCD}.Debug|Any CPU.ActiveCfg = Debug|Any CPU
		{3F7FB049-F899-4DD8-BC34-335E6BF23BCD}.Debug|Any CPU.Build.0 = Debug|Any CPU
		{3F7FB049-F899-4DD8-BC34-335E6BF23BCD}.Release|Any CPU.ActiveCfg = Release|Any CPU
		{3F7FB049-F899-4DD8-BC34-335E6BF23BCD}.Release|Any CPU.Build.0 = Release|Any CPU
	EndGlobalSection
	GlobalSection(SolutionProperties) = preSolution
		HideSolutionNode = FALSE
	EndGlobalSection
	GlobalSection(ExtensibilityGlobals) = postSolution
		SolutionGuid = {5E852A05-C8DD-4816-AFD0-44384BF46115}
	EndGlobalSection
EndGlobal
